
Microsoft Visual Studio Solution File, Format Version 12.00
# Visual Studio Version 17
VisualStudioVersion = 17.6.33815.320
MinimumVisualStudioVersion = 10.0.40219.1
Project("{FAE04EC0-301F-11D3-BF4B-00C04F79EFBC}") = "AppStore", "AppStore\AppStore.csproj", "{5836DA52-2C78-45CF-B4F1-A1069E2DE544}"
EndProject
Global
	GlobalSection(SolutionConfigurationPlatforms) = preSolution
		Debug|Any CPU = Debug|Any CPU
		Release|Any CPU = Release|Any CPU
	EndGlobalSection
	GlobalSection(ProjectConfigurationPlatforms) = postSolution
		{5836DA52-2C78-45CF-B4F1-A1069E2DE544}.Debug|Any CPU.ActiveCfg = Debug|Any CPU
		{5836DA52-2C78-45CF-B4F1-A1069E2DE544}.Debug|Any CPU.Build.0 = Debug|Any CPU
		{5836DA52-2C78-45CF-B4F1-A1069E2DE544}.Release|Any CPU.ActiveCfg = Release|Any CPU
		{5836DA52-2C78-45CF-B4F1-A1069E2DE544}.Release|Any CPU.Build.0 = Release|Any CPU
	EndGlobalSection
	GlobalSection(SolutionProperties) = preSolution
		HideSolutionNode = FALSE
	EndGlobalSection
	GlobalSection(ExtensibilityGlobals) = postSolution
		SolutionGuid = {9FE8D0EF-0A1F-44BA-A642-787C31769AD9}
	EndGlobalSection
EndGlobal
